
Microsoft Visual Studio Solution File, Format Version 12.00
# Visual Studio Version 16
VisualStudioVersion = 16.0.30907.101
MinimumVisualStudioVersion = 10.0.40219.1
Project("{2150E333-8FDC-42A3-9474-1A3956D46DE8}") = "Library", "Library", "{46110664-B5A7-43B3-8607-BD61DAE240C7}"
EndProject
Project("{FAE04EC0-301F-11D3-BF4B-00C04F79EFBC}") = "ClassLibrary", "ClassLibrary\ClassLibrary.csproj", "{E09EFF38-DF02-4520-A3D6-08AEAEA1A29E}"
EndProject
Project("{2150E333-8FDC-42A3-9474-1A3956D46DE8}") = "Presentation", "Presentation", "{5175F20A-ED06-4035-AF09-EE8AB015FFF6}"
	ProjectSection(SolutionItems) = preProject
		Class1.cs = Class1.cs
	EndProjectSection
EndProject
Project("{2150E333-8FDC-42A3-9474-1A3956D46DE8}") = "Testing", "Testing", "{B873B48E-E946-4346-BB3E-9086F79A01F4}"
	ProjectSection(SolutionItems) = preProject
		Class2.cs = Class2.cs
	EndProjectSection
EndProject
Global
	GlobalSection(SolutionConfigurationPlatforms) = preSolution
		Debug|Any CPU = Debug|Any CPU
		Release|Any CPU = Release|Any CPU
	EndGlobalSection
	GlobalSection(ProjectConfigurationPlatforms) = postSolution
		{E09EFF38-DF02-4520-A3D6-08AEAEA1A29E}.Debug|Any CPU.ActiveCfg = Debug|Any CPU
		{E09EFF38-DF02-4520-A3D6-08AEAEA1A29E}.Debug|Any CPU.Build.0 = Debug|Any CPU
		{E09EFF38-DF02-4520-A3D6-08AEAEA1A29E}.Release|Any CPU.ActiveCfg = Release|Any CPU
		{E09EFF38-DF02-4520-A3D6-08AEAEA1A29E}.Release|Any CPU.Build.0 = Release|Any CPU
	EndGlobalSection
	GlobalSection(SolutionProperties) = preSolution
		HideSolutionNode = FALSE
	EndGlobalSection
	GlobalSection(NestedProjects) = preSolution
		{E09EFF38-DF02-4520-A3D6-08AEAEA1A29E} = {46110664-B5A7-43B3-8607-BD61DAE240C7}
	EndGlobalSection
	GlobalSection(ExtensibilityGlobals) = postSolution
		SolutionGuid = {10BF8EC5-D6B2-4AAE-AE24-6B7BD040836C}
	EndGlobalSection
EndGlobal
